Microsoft Visual Studio Solution File, Format Version 12.00
# Visual Studio Version 17
VisualStudioVersion = 17.5.2.0
MinimumVisualStudioVersion = 10.0.40219.1
Project("{FAE04EC0-301F-11D3-BF4B-00C04F79EFBC}") = "VLDocesWeb", "VLDocesWeb.csproj", "{DA3C547E-FE03-9648-78C8-63DCBF1975A6}"
EndProject
Global
	GlobalSection(SolutionConfigurationPlatforms) = preSolution
		Debug|Any CPU = Debug|Any CPU
		Release|Any CPU = Release|Any CPU
	EndGlobalSection
	GlobalSection(ProjectConfigurationPlatforms) = postSolution
		{DA3C547E-FE03-9648-78C8-63DCBF1975A6}.Debug|Any CPU.ActiveCfg = Debug|Any CPU
		{DA3C547E-FE03-9648-78C8-63DCBF1975A6}.Debug|Any CPU.Build.0 = Debug|Any CPU
		{DA3C547E-FE03-9648-78C8-63DCBF1975A6}.Release|Any CPU.ActiveCfg = Release|Any CPU
		{DA3C547E-FE03-9648-78C8-63DCBF1975A6}.Release|Any CPU.Build.0 = Release|Any CPU
	EndGlobalSection
	GlobalSection(SolutionProperties) = preSolution
		HideSolutionNode = FALSE
	EndGlobalSection
	GlobalSection(ExtensibilityGlobals) = postSolution
		SolutionGuid = {026744F0-EC4B-4D31-B784-656CBCD92CC4}
	EndGlobalSection
EndGlobal
